Microsoft Visual Studio Solution File, Format Version 12.00
# Visual Studio 2012
Project("{FAE04EC0-301F-11D3-BF4B-00C04F79EFBC}") = "One Button Game", "One Button Game.csproj", "{6BFFEEEA-3CFE-49FB-8BEE-32A3702929FF}"
EndProject
Global
	GlobalSection(SolutionConfigurationPlatforms) = preSolution
	Debug|Any CPU = Debug|Any CPU
	ExportDebug|Any CPU = ExportDebug|Any CPU
	ExportRelease|Any CPU = ExportRelease|Any CPU
	EndGlobalSection
	GlobalSection(ProjectConfigurationPlatforms) = postSolution
		{6BFFEEEA-3CFE-49FB-8BEE-32A3702929FF}.Debug|Any CPU.ActiveCfg = Debug|Any CPU
		{6BFFEEEA-3CFE-49FB-8BEE-32A3702929FF}.Debug|Any CPU.Build.0 = Debug|Any CPU
		{6BFFEEEA-3CFE-49FB-8BEE-32A3702929FF}.ExportDebug|Any CPU.ActiveCfg = ExportDebug|Any CPU
		{6BFFEEEA-3CFE-49FB-8BEE-32A3702929FF}.ExportDebug|Any CPU.Build.0 = ExportDebug|Any CPU
		{6BFFEEEA-3CFE-49FB-8BEE-32A3702929FF}.ExportRelease|Any CPU.ActiveCfg = ExportRelease|Any CPU
		{6BFFEEEA-3CFE-49FB-8BEE-32A3702929FF}.ExportRelease|Any CPU.Build.0 = ExportRelease|Any CPU
	EndGlobalSection
EndGlobal
